// !$*UTF8*$!
{
	archiveVersion = 1;
	classes = {
	};
	objectVersion = 51;
	objects = {

/* Begin PBXBuildFile section */
		67B98FF622FCB18D0019BE58 /* PreferencesController.swift in Sources */ = {isa = PBXBuildFile; fileRef = 67B98FF522FCB18D0019BE58 /* PreferencesController.swift */; };
		67B98FFA22FCB7810019BE58 /* preferencesEventCell.swift in Sources */ = {isa = PBXBuildFile; fileRef = 67B98FF922FCB7810019BE58 /* preferencesEventCell.swift */; };
		8706FC4822FD009200420E26 /* RegisterViewController.swift in Sources */ = {isa = PBXBuildFile; fileRef = 8706FC4722FD009200420E26 /* RegisterViewController.swift */; };
		9A1ECDFB22FCCC440083F29C /* UserService.swift in Sources */ = {isa = PBXBuildFile; fileRef = 9A1ECDFA22FCCC440083F29C /* UserService.swift */; };
		9A1ECDFF22FCF8140083F29C /* LoginPageController.swift in Sources */ = {isa = PBXBuildFile; fileRef = 9A1ECDFE22FCF8140083F29C /* LoginPageController.swift */; };
		9A1ECE0122FCF8D00083F29C /* SplashPageController.swift in Sources */ = {isa = PBXBuildFile; fileRef = 9A1ECE0022FCF8D00083F29C /* SplashPageController.swift */; };
		9A7BA7C322FC9C42008BAD3D /* Event.swift in Sources */ = {isa = PBXBuildFile; fileRef = 9A7BA7C222FC9C42008BAD3D /* Event.swift */; };
		9A7BA7C522FCA587008BAD3D /* EventDetailController.swift in Sources */ = {isa = PBXBuildFile; fileRef = 9A7BA7C422FCA587008BAD3D /* EventDetailController.swift */; };
		9A7BA7C722FCA9CB008BAD3D /* CommentsCell.swift in Sources */ = {isa = PBXBuildFile; fileRef = 9A7BA7C622FCA9CB008BAD3D /* CommentsCell.swift */; };
		9A89559822FC7794004DFF63 /* GoogleService-Info.plist in Resources */ = {isa = PBXBuildFile; fileRef = 9A89559722FC7794004DFF63 /* GoogleService-Info.plist */; };
		9AF42B9E22FC7DB4007F59A6 /* ProfileController.swift in Sources */ = {isa = PBXBuildFile; fileRef = 9AF42B9D22FC7DB4007F59A6 /* ProfileController.swift */; };
		9AF42BA122FC9118007F59A6 /* HomePageController.swift in Sources */ = {isa = PBXBuildFile; fileRef = 9AF42BA022FC9118007F59A6 /* HomePageController.swift */; };
		9AF42BA422FC961E007F59A6 /* HomePageCell.swift in Sources */ = {isa = PBXBuildFile; fileRef = 9AF42BA322FC961E007F59A6 /* HomePageCell.swift */; };
		D386F2D8C9A2766115CA00A7 /* Pods_Help_People.framework in Frameworks */ = {isa = PBXBuildFile; fileRef = DCEEC815ED8E5E2A110FE9AC /* Pods_Help_People.framework */; };
		E46B942D22FC664B007FE7D3 /* AppDelegate.swift in Sources */ = {isa = PBXBuildFile; fileRef = E46B942C22FC664B007FE7D3 /* AppDelegate.swift */; };
		E46B942F22FC664B007FE7D3 /* ViewController.swift in Sources */ = {isa = PBXBuildFile; fileRef = E46B942E22FC664B007FE7D3 /* ViewController.swift */; };
		E46B943222FC664B007FE7D3 /* Main.storyboard in Resources */ = {isa = PBXBuildFile; fileRef = E46B943022FC664B007FE7D3 /* Main.storyboard */; };
		E46B943422FC664D007FE7D3 /* Assets.xcassets in Resources */ = {isa = PBXBuildFile; fileRef = E46B943322FC664D007FE7D3 /* Assets.xcassets */; };
		E46B943722FC664D007FE7D3 /* LaunchScreen.storyboard in Resources */ = {isa = PBXBuildFile; fileRef = E46B943522FC664D007FE7D3 /* LaunchScreen.storyboard */; };
		E4D549CF22FCA2E1008210B6 /* ProfileEventTableViewCell.swift in Sources */ = {isa = PBXBuildFile; fileRef = E4D549CE22FCA2E1008210B6 /* ProfileEventTableViewCell.swift */; };
/* End PBXBuildFile section */

/* Begin PBXFileReference section */
		67B98FF522FCB18D0019BE58 /* PreferencesController.swift */ = {isa = PBXFileReference; lastKnownFileType = sourcecode.swift; path = PreferencesController.swift; sourceTree = "<group>"; };
		67B98FF922FCB7810019BE58 /* preferencesEventCell.swift */ = {isa = PBXFileReference; lastKnownFileType = sourcecode.swift; path = preferencesEventCell.swift; sourceTree = "<group>"; };
		67B98FFE22FD0C520019BE58 /* Styles.swift */ = {isa = PBXFileReference; lastKnownFileType = sourcecode.swift; path = Styles.swift; sourceTree = "<group>"; };
		8706FC4722FD009200420E26 /* RegisterViewController.swift */ = {isa = PBXFileReference; lastKnownFileType = sourcecode.swift; path = RegisterViewController.swift; sourceTree = "<group>"; };
		920057E2ABB8209A4B0D2F67 /* Pods-Help_People.debug.xcconfig */ = {isa = PBXFileReference; includeInIndex = 1; lastKnownFileType = text.xcconfig; name = "Pods-Help_People.debug.xcconfig"; path = "Target Support Files/Pods-Help_People/Pods-Help_People.debug.xcconfig"; sourceTree = "<group>"; };
		9A1ECDFA22FCCC440083F29C /* UserService.swift */ = {isa = PBXFileReference; lastKnownFileType = sourcecode.swift; path = UserService.swift; sourceTree = "<group>"; };
		9A1ECDFE22FCF8140083F29C /* LoginPageController.swift */ = {isa = PBXFileReference; lastKnownFileType = sourcecode.swift; path = LoginPageController.swift; sourceTree = "<group>"; };
		9A1ECE0022FCF8D00083F29C /* SplashPageController.swift */ = {isa = PBXFileReference; lastKnownFileType = sourcecode.swift; path = SplashPageController.swift; sourceTree = "<group>"; };
		9A7BA7C222FC9C42008BAD3D /* Event.swift */ = {isa = PBXFileReference; lastKnownFileType = sourcecode.swift; path = Event.swift; sourceTree = "<group>"; };
		9A7BA7C422FCA587008BAD3D /* EventDetailController.swift */ = {isa = PBXFileReference; lastKnownFileType = sourcecode.swift; path = EventDetailController.swift; sourceTree = "<group>"; };
		9A7BA7C622FCA9CB008BAD3D /* CommentsCell.swift */ = {isa = PBXFileReference; lastKnownFileType = sourcecode.swift; path = CommentsCell.swift; sourceTree = "<group>"; };
		9A89559722FC7794004DFF63 /* GoogleService-Info.plist */ = {isa = PBXFileReference; fileEncoding = 4; lastKnownFileType = text.plist.xml; path = "GoogleService-Info.plist"; sourceTree = "<group>"; };
		9AF42B9D22FC7DB4007F59A6 /* ProfileController.swift */ = {isa = PBXFileReference; lastKnownFileType = sourcecode.swift; path = ProfileController.swift; sourceTree = "<group>"; };
		9AF42B9F22FC8080007F59A6 /* Help_People.entitlements */ = {isa = PBXFileReference; lastKnownFileType = text.plist.entitlements; path = Help_People.entitlements; sourceTree = "<group>"; };
		9AF42BA022FC9118007F59A6 /* HomePageController.swift */ = {isa = PBXFileReference; lastKnownFileType = sourcecode.swift; path = HomePageController.swift; sourceTree = "<group>"; };
		9AF42BA322FC961E007F59A6 /* HomePageCell.swift */ = {isa = PBXFileReference; lastKnownFileType = sourcecode.swift; path = HomePageCell.swift; sourceTree = "<group>"; };
		AF9B17E0ADF7335470A7402E /* Pods-Help_People.release.xcconfig */ = {isa = PBXFileReference; includeInIndex = 1; lastKnownFileType = text.xcconfig; name = "Pods-Help_People.release.xcconfig"; path = "Target Support Files/Pods-Help_People/Pods-Help_People.release.xcconfig"; sourceTree = "<group>"; };
		DCEEC815ED8E5E2A110FE9AC /* Pods_Help_People.framework */ = {isa = PBXFileReference; explicitFileType = wrapper.framework; includeInIndex = 0; path = Pods_Help_People.framework; sourceTree = BUILT_PRODUCTS_DIR; };
		E46B942922FC664B007FE7D3 /* Help_People.app */ = {isa = PBXFileReference; explicitFileType = wrapper.application; includeInIndex = 0; path = Help_People.app; sourceTree = BUILT_PRODUCTS_DIR; };
		E46B942C22FC664B007FE7D3 /* AppDelegate.swift */ = {isa = PBXFileReference; lastKnownFileType = sourcecode.swift; path = AppDelegate.swift; sourceTree = "<group>"; };
		E46B942E22FC664B007FE7D3 /* ViewController.swift */ = {isa = PBXFileReference; lastKnownFileType = sourcecode.swift; path = ViewController.swift; sourceTree = "<group>"; };
		E46B943122FC664B007FE7D3 /* Base */ = {isa = PBXFileReference; lastKnownFileType = file.storyboard; name = Base; path = Base.lproj/Main.storyboard; sourceTree = "<group>"; };
		E46B943322FC664D007FE7D3 /* Assets.xcassets */ = {isa = PBXFileReference; lastKnownFileType = folder.assetcatalog; path = Assets.xcassets; sourceTree = "<group>"; };
		E46B943622FC664D007FE7D3 /* Base */ = {isa = PBXFileReference; lastKnownFileType = file.storyboard; name = Base; path = Base.lproj/LaunchScreen.storyboard; sourceTree = "<group>"; };
		E46B943822FC664D007FE7D3 /* Info.plist */ = {isa = PBXFileReference; lastKnownFileType = text.plist.xml; path = Info.plist; sourceTree = "<group>"; };
		E46B943E22FC6FD6007FE7D3 /* Help_People.entitlements */ = {isa = PBXFileReference; lastKnownFileType = text.plist.entitlements; path = Help_People.entitlements; sourceTree = "<group>"; };
		E4D549CE22FCA2E1008210B6 /* ProfileEventTableViewCell.swift */ = {isa = PBXFileReference; lastKnownFileType = sourcecode.swift; path = ProfileEventTableViewCell.swift; sourceTree = "<group>"; };
/* End PBXFileReference section */

/* Begin PBXFrameworksBuildPhase section */
		E46B942622FC664B007FE7D3 /* Frameworks */ = {
			isa = PBXFrameworksBuildPhase;
			buildActionMask = 2147483647;
			files = (
				D386F2D8C9A2766115CA00A7 /* Pods_Help_People.framework in Frameworks */,
			);
			runOnlyForDeploymentPostprocessing = 0;
		};
/* End PBXFrameworksBuildPhase section */

/* Begin PBXGroup section */
		029EB24DE40C6CC86AC9C160 /* Frameworks */ = {
			isa = PBXGroup;
			children = (
				DCEEC815ED8E5E2A110FE9AC /* Pods_Help_People.framework */,
			);
			name = Frameworks;
			sourceTree = "<group>";
		};
		669F96301A326283A46B181F /* Pods */ = {
			isa = PBXGroup;
			children = (
				920057E2ABB8209A4B0D2F67 /* Pods-Help_People.debug.xcconfig */,
				AF9B17E0ADF7335470A7402E /* Pods-Help_People.release.xcconfig */,
			);
			path = Pods;
			sourceTree = "<group>";
		};
		67B98FFD22FD0C3B0019BE58 /* New Group */ = {
			isa = PBXGroup;
			children = (
				67B98FFE22FD0C520019BE58 /* Styles.swift */,
			);
			path = "New Group";
			sourceTree = "<group>";
		};
		9A1ECDF922FCCC340083F29C /* Service */ = {
			isa = PBXGroup;
			children = (
				9A1ECDFA22FCCC440083F29C /* UserService.swift */,
			);
			path = Service;
			sourceTree = "<group>";
		};
		9A7BA7C122FC9C2C008BAD3D /* Models */ = {
			isa = PBXGroup;
			children = (
				9A7BA7C222FC9C42008BAD3D /* Event.swift */,
			);
			path = Models;
			sourceTree = "<group>";
		};
		9A89559322FC73B8004DFF63 /* Storyboards */ = {
			isa = PBXGroup;
			children = (
				E46B943522FC664D007FE7D3 /* LaunchScreen.storyboard */,
				E46B943022FC664B007FE7D3 /* Main.storyboard */,
			);
			path = Storyboards;
			sourceTree = "<group>";
		};
		9A89559422FC73BD004DFF63 /* ViewController */ = {
			isa = PBXGroup;
			children = (
				E46B942E22FC664B007FE7D3 /* ViewController.swift */,
				9AF42B9D22FC7DB4007F59A6 /* ProfileController.swift */,
				67B98FF522FCB18D0019BE58 /* PreferencesController.swift */,
				67B98FF922FCB7810019BE58 /* preferencesEventCell.swift */,
				9AF42BA022FC9118007F59A6 /* HomePageController.swift */,
				9A7BA7C422FCA587008BAD3D /* EventDetailController.swift */,
				8706FC4722FD009200420E26 /* RegisterViewController.swift */,
				9A1ECDFE22FCF8140083F29C /* LoginPageController.swift */,
				9A1ECE0022FCF8D00083F29C /* SplashPageController.swift */,
			);
			path = ViewController;
			sourceTree = "<group>";
		};
		9A89559522FC73C0004DFF63 /* Helpers */ = {
			isa = PBXGroup;
			children = (
				E46B943E22FC6FD6007FE7D3 /* Help_People.entitlements */,
				E46B943322FC664D007FE7D3 /* Assets.xcassets */,
				E46B942C22FC664B007FE7D3 /* AppDelegate.swift */,
			);
			path = Helpers;
			sourceTree = "<group>";
		};
		9AF42BA222FC9214007F59A6 /* Cells */ = {
			isa = PBXGroup;
			children = (
				9AF42BA322FC961E007F59A6 /* HomePageCell.swift */,
				9A7BA7C622FCA9CB008BAD3D /* CommentsCell.swift */,
				E4D549CE22FCA2E1008210B6 /* ProfileEventTableViewCell.swift */,
			);
			path = Cells;
			sourceTree = "<group>";
		};
		E46B942022FC664B007FE7D3 = {
			isa = PBXGroup;
			children = (
				E46B942B22FC664B007FE7D3 /* Help_People */,
				E46B942A22FC664B007FE7D3 /* Products */,
				669F96301A326283A46B181F /* Pods */,
				029EB24DE40C6CC86AC9C160 /* Frameworks */,
			);
			sourceTree = "<group>";
		};
		E46B942A22FC664B007FE7D3 /* Products */ = {
			isa = PBXGroup;
			children = (
				E46B942922FC664B007FE7D3 /* Help_People.app */,
			);
			name = Products;
			sourceTree = "<group>";
		};
		E46B942B22FC664B007FE7D3 /* Help_People */ = {
			isa = PBXGroup;
			children = (
				67B98FFD22FD0C3B0019BE58 /* New Group */,
				9A1ECDF922FCCC340083F29C /* Service */,
				9A7BA7C122FC9C2C008BAD3D /* Models */,
				9AF42BA222FC9214007F59A6 /* Cells */,
				9AF42B9F22FC8080007F59A6 /* Help_People.entitlements */,
				9A89559522FC73C0004DFF63 /* Helpers */,
				9A89559422FC73BD004DFF63 /* ViewController */,
				9A89559322FC73B8004DFF63 /* Storyboards */,
				E46B943822FC664D007FE7D3 /* Info.plist */,
				9A89559722FC7794004DFF63 /* GoogleService-Info.plist */,
			);
			path = Help_People;
			sourceTree = "<group>";
		};
/* End PBXGroup section */

/* Begin PBXNativeTarget section */
		E46B942822FC664B007FE7D3 /* Help_People */ = {
			isa = PBXNativeTarget;
			buildConfigurationList = E46B943B22FC664D007FE7D3 /* Build configuration list for PBXNativeTarget "Help_People" */;
			buildPhases = (
				48187753C36DCC451C84BB30 /* [CP] Check Pods Manifest.lock */,
				E46B942522FC664B007FE7D3 /* Sources */,
				E46B942622FC664B007FE7D3 /* Frameworks */,
				E46B942722FC664B007FE7D3 /* Resources */,
				DA6925BA46FC099CD654644C /* [CP] Embed Pods Frameworks */,
			);
			buildRules = (
			);
			dependencies = (
			);
			name = Help_People;
			productName = Help_People;
			productReference = E46B942922FC664B007FE7D3 /* Help_People.app */;
			productType = "com.apple.product-type.application";
		};
/* End PBXNativeTarget section */

/* Begin PBXProject section */
		E46B942122FC664B007FE7D3 /* Project object */ = {
			isa = PBXProject;
			attributes = {
				LastSwiftUpdateCheck = 1030;
				LastUpgradeCheck = 1030;
				ORGANIZATIONNAME = "Sam Blum";
				TargetAttributes = {
					E46B942822FC664B007FE7D3 = {
						CreatedOnToolsVersion = 10.3;
						SystemCapabilities = {
							com.apple.ApplePay = {
								enabled = 1;
							};
						};
					};
				};
			};
			buildConfigurationList = E46B942422FC664B007FE7D3 /* Build configuration list for PBXProject "Help_People" */;
			compatibilityVersion = "Xcode 9.3";
			developmentRegion = en;
			hasScannedForEncodings = 0;
			knownRegions = (
				en,
				Base,
			);
			mainGroup = E46B942022FC664B007FE7D3;
			productRefGroup = E46B942A22FC664B007FE7D3 /* Products */;
			projectDirPath = "";
			projectRoot = "";
			targets = (
				E46B942822FC664B007FE7D3 /* Help_People */,
			);
		};
/* End PBXProject section */

/* Begin PBXResourcesBuildPhase section */
		E46B942722FC664B007FE7D3 /* Resources */ = {
			isa = PBXResourcesBuildPhase;
			buildActionMask = 2147483647;
			files = (
				E46B943722FC664D007FE7D3 /* LaunchScreen.storyboard in Resources */,
				9A89559822FC7794004DFF63 /* GoogleService-Info.plist in Resources */,
				E46B943422FC664D007FE7D3 /* Assets.xcassets in Resources */,
				E46B943222FC664B007FE7D3 /* Main.storyboard in Resources */,
			);
			runOnlyForDeploymentPostprocessing = 0;
		};
/* End PBXResourcesBuildPhase section */

/* Begin PBXShellScriptBuildPhase section */
		48187753C36DCC451C84BB30 /* [CP] Check Pods Manifest.lock */ = {
			isa = PBXShellScriptBuildPhase;
			buildActionMask = 2147483647;
			files = (
			);
			inputFileListPaths = (
			);
			inputPaths = (
				"${PODS_PODFILE_DIR_PATH}/Podfile.lock",
				"${PODS_ROOT}/Manifest.lock",
			);
			name = "[CP] Check Pods Manifest.lock";
			outputFileListPaths = (
			);
			outputPaths = (
				"$(DERIVED_FILE_DIR)/Pods-Help_People-checkManifestLockResult.txt",
			);
			runOnlyForDeploymentPostprocessing = 0;
			shellPath = /bin/sh;
			shellScript = "diff \"${PODS_PODFILE_DIR_PATH}/Podfile.lock\" \"${PODS_ROOT}/Manifest.lock\" > /dev/null\nif [ $? != 0 ] ; then\n    # print error to STDERR\n    echo \"error: The sandbox is not in sync with the Podfile.lock. Run 'pod install' or update your CocoaPods installation.\" >&2\n    exit 1\nfi\n# This output is used by Xcode 'outputs' to avoid re-running this script phase.\necho \"SUCCESS\" > \"${SCRIPT_OUTPUT_FILE_0}\"\n";
			showEnvVarsInLog = 0;
		};
		DA6925BA46FC099CD654644C /* [CP] Embed Pods Frameworks */ = {
			isa = PBXShellScriptBuildPhase;
			buildActionMask = 2147483647;
			files = (
			);
			inputFileListPaths = (
				"${PODS_ROOT}/Target Support Files/Pods-Help_People/Pods-Help_People-frameworks-${CONFIGURATION}-input-files.xcfilelist",
			);
			name = "[CP] Embed Pods Frameworks";
			outputFileListPaths = (
				"${PODS_ROOT}/Target Support Files/Pods-Help_People/Pods-Help_People-frameworks-${CONFIGURATION}-output-files.xcfilelist",
			);
			runOnlyForDeploymentPostprocessing = 0;
			shellPath = /bin/sh;
			shellScript = "\"${PODS_ROOT}/Target Support Files/Pods-Help_People/Pods-Help_People-frameworks.sh\"\n";
			showEnvVarsInLog = 0;
		};
/* End PBXShellScriptBuildPhase section */

/* Begin PBXSourcesBuildPhase section */
		E46B942522FC664B007FE7D3 /* Sources */ = {
			isa = PBXSourcesBuildPhase;
			buildActionMask = 2147483647;
			files = (
				67B98FFA22FCB7810019BE58 /* preferencesEventCell.swift in Sources */,
				67B98FF622FCB18D0019BE58 /* PreferencesController.swift in Sources */,
				E4D549CF22FCA2E1008210B6 /* ProfileEventTableViewCell.swift in Sources */,
				E46B942F22FC664B007FE7D3 /* ViewController.swift in Sources */,
				9AF42BA122FC9118007F59A6 /* HomePageController.swift in Sources */,
				E46B942D22FC664B007FE7D3 /* AppDelegate.swift in Sources */,
				9A7BA7C722FCA9CB008BAD3D /* CommentsCell.swift in Sources */,
				9A1ECDFF22FCF8140083F29C /* LoginPageController.swift in Sources */,
				9A1ECDFB22FCCC440083F29C /* UserService.swift in Sources */,
				9AF42BA422FC961E007F59A6 /* HomePageCell.swift in Sources */,
				9A7BA7C322FC9C42008BAD3D /* Event.swift in Sources */,
				8706FC4822FD009200420E26 /* RegisterViewController.swift in Sources */,
				9AF42B9E22FC7DB4007F59A6 /* ProfileController.swift in Sources */,
				9A1ECE0122FCF8D00083F29C /* SplashPageController.swift in Sources */,
				9A7BA7C522FCA587008BAD3D /* EventDetailController.swift in Sources */,
			);
			runOnlyForDeploymentPostprocessing = 0;
		};
/* End PBXSourcesBuildPhase section */

/* Begin PBXVariantGroup section */
		E46B943022FC664B007FE7D3 /* Main.storyboard */ = {
			isa = PBXVariantGroup;
			children = (
				E46B943122FC664B007FE7D3 /* Base */,
			);
			name = Main.storyboard;
			sourceTree = "<group>";
		};
		E46B943522FC664D007FE7D3 /* LaunchScreen.storyboard */ = {
			isa = PBXVariantGroup;
			children = (
				E46B943622FC664D007FE7D3 /* Base */,
			);
			name = LaunchScreen.storyboard;
			sourceTree = "<group>";
		};
/* End PBXVariantGroup section */

/* Begin XCBuildConfiguration section */
		E46B943922FC664D007FE7D3 /* Debug */ = {
			isa = XCBuildConfiguration;
			buildSettings = {
				ALWAYS_SEARCH_USER_PATHS = NO;
				CLANG_ANALYZER_NONNULL = YES;
				CLANG_ANALYZER_NUMBER_OBJECT_CONVERSION = YES_AGGRESSIVE;
				CLANG_CXX_LANGUAGE_STANDARD = "gnu++14";
				CLANG_CXX_LIBRARY = "libc++";
				CLANG_ENABLE_MODULES = YES;
				CLANG_ENABLE_OBJC_ARC = YES;
				CLANG_ENABLE_OBJC_WEAK = YES;
				CLANG_WARN_BLOCK_CAPTURE_AUTORELEASING = YES;
				CLANG_WARN_BOOL_CONVERSION = YES;
				CLANG_WARN_COMMA = YES;
				CLANG_WARN_CONSTANT_CONVERSION = YES;
				CLANG_WARN_DEPRECATED_OBJC_IMPLEMENTATIONS = YES;
				CLANG_WARN_DIRECT_OBJC_ISA_USAGE = YES_ERROR;
				CLANG_WARN_DOCUMENTATION_COMMENTS = YES;
				CLANG_WARN_EMPTY_BODY = YES;
				CLANG_WARN_ENUM_CONVERSION = YES;
				CLANG_WARN_INFINITE_RECURSION = YES;
				CLANG_WARN_INT_CONVERSION = YES;
				CLANG_WARN_NON_LITERAL_NULL_CONVERSION = YES;
				CLANG_WARN_OBJC_IMPLICIT_RETAIN_SELF = YES;
				CLANG_WARN_OBJC_LITERAL_CONVERSION = YES;
				CLANG_WARN_OBJC_ROOT_CLASS = YES_ERROR;
				CLANG_WARN_RANGE_LOOP_ANALYSIS = YES;
				CLANG_WARN_STRICT_PROTOTYPES = YES;
				CLANG_WARN_SUSPICIOUS_MOVE = YES;
				CLANG_WARN_UNGUARDED_AVAILABILITY = YES_AGGRESSIVE;
				CLANG_WARN_UNREACHABLE_CODE = YES;
				CLANG_WARN__DUPLICATE_METHOD_MATCH = YES;
				CODE_SIGN_IDENTITY = "iPhone Developer";
				COPY_PHASE_STRIP = NO;
				DEBUG_INFORMATION_FORMAT = dwarf;
				ENABLE_STRICT_OBJC_MSGSEND = YES;
				ENABLE_TESTABILITY = YES;
				GCC_C_LANGUAGE_STANDARD = gnu11;
				GCC_DYNAMIC_NO_PIC = NO;
				GCC_NO_COMMON_BLOCKS = YES;
				GCC_OPTIMIZATION_LEVEL = 0;
				GCC_PREPROCESSOR_DEFINITIONS = (
					"DEBUG=1",
					"$(inherited)",
				);
				GCC_WARN_64_TO_32_BIT_CONVERSION = YES;
				GCC_WARN_ABOUT_RETURN_TYPE = YES_ERROR;
				GCC_WARN_UNDECLARED_SELECTOR = YES;
				GCC_WARN_UNINITIALIZED_AUTOS = YES_AGGRESSIVE;
				GCC_WARN_UNUSED_FUNCTION = YES;
				GCC_WARN_UNUSED_VARIABLE = YES;
				IPHONEOS_DEPLOYMENT_TARGET = 12.4;
				MTL_ENABLE_DEBUG_INFO = INCLUDE_SOURCE;
				MTL_FAST_MATH = YES;
				ONLY_ACTIVE_ARCH = YES;
				SDKROOT = iphoneos;
				SWIFT_ACTIVE_COMPILATION_CONDITIONS = DEBUG;
				SWIFT_OPTIMIZATION_LEVEL = "-Onone";
			};
			name = Debug;
		};
		E46B943A22FC664D007FE7D3 /* Release */ = {
			isa = XCBuildConfiguration;
			buildSettings = {
				ALWAYS_SEARCH_USER_PATHS = NO;
				CLANG_ANALYZER_NONNULL = YES;
				CLANG_ANALYZER_NUMBER_OBJECT_CONVERSION = YES_AGGRESSIVE;
				CLANG_CXX_LANGUAGE_STANDARD = "gnu++14";
				CLANG_CXX_LIBRARY = "libc++";
				CLANG_ENABLE_MODULES = YES;
				CLANG_ENABLE_OBJC_ARC = YES;
				CLANG_ENABLE_OBJC_WEAK = YES;
				CLANG_WARN_BLOCK_CAPTURE_AUTORELEASING = YES;
				CLANG_WARN_BOOL_CONVERSION = YES;
				CLANG_WARN_COMMA = YES;
				CLANG_WARN_CONSTANT_CONVERSION = YES;
				CLANG_WARN_DEPRECATED_OBJC_IMPLEMENTATIONS = YES;
				CLANG_WARN_DIRECT_OBJC_ISA_USAGE = YES_ERROR;
				CLANG_WARN_DOCUMENTATION_COMMENTS = YES;
				CLANG_WARN_EMPTY_BODY = YES;
				CLANG_WARN_ENUM_CONVERSION = YES;
				CLANG_WARN_INFINITE_RECURSION = YES;
				CLANG_WARN_INT_CONVERSION = YES;
				CLANG_WARN_NON_LITERAL_NULL_CONVERSION = YES;
				CLANG_WARN_OBJC_IMPLICIT_RETAIN_SELF = YES;
				CLANG_WARN_OBJC_LITERAL_CONVERSION = YES;
				CLANG_WARN_OBJC_ROOT_CLASS = YES_ERROR;
				CLANG_WARN_RANGE_LOOP_ANALYSIS = YES;
				CLANG_WARN_STRICT_PROTOTYPES = YES;
				CLANG_WARN_SUSPICIOUS_MOVE = YES;
				CLANG_WARN_UNGUARDED_AVAILABILITY = YES_AGGRESSIVE;
				CLANG_WARN_UNREACHABLE_CODE = YES;
				CLANG_WARN__DUPLICATE_METHOD_MATCH = YES;
				CODE_SIGN_IDENTITY = "iPhone Developer";
				COPY_PHASE_STRIP = NO;
				DEBUG_INFORMATION_FORMAT = "dwarf-with-dsym";
				ENABLE_NS_ASSERTIONS = NO;
				ENABLE_STRICT_OBJC_MSGSEND = YES;
				GCC_C_LANGUAGE_STANDARD = gnu11;
				GCC_NO_COMMON_BLOCKS = YES;
				GCC_WARN_64_TO_32_BIT_CONVERSION = YES;
				GCC_WARN_ABOUT_RETURN_TYPE = YES_ERROR;
				GCC_WARN_UNDECLARED_SELECTOR = YES;
				GCC_WARN_UNINITIALIZED_AUTOS = YES_AGGRESSIVE;
				GCC_WARN_UNUSED_FUNCTION = YES;
				GCC_WARN_UNUSED_VARIABLE = YES;
				IPHONEOS_DEPLOYMENT_TARGET = 12.4;
				MTL_ENABLE_DEBUG_INFO = NO;
				MTL_FAST_MATH = YES;
				SDKROOT = iphoneos;
				SWIFT_COMPILATION_MODE = wholemodule;
				SWIFT_OPTIMIZATION_LEVEL = "-O";
				VALIDATE_PRODUCT = YES;
			};
			name = Release;
		};
		E46B943C22FC664D007FE7D3 /* Debug */ = {
			isa = XCBuildConfiguration;
			baseConfigurationReference = 920057E2ABB8209A4B0D2F67 /* Pods-Help_People.debug.xcconfig */;
			buildSettings = {
				ASSETCATALOG_COMPILER_APPICON_NAME = AppIcon;
				CODE_SIGN_ENTITLEMENTS = Help_People/Help_People.entitlements;
				CODE_SIGN_STYLE = Automatic;
				DEVELOPMENT_TEAM = 6BFT567CZ2;
				INFOPLIST_FILE = Help_People/Info.plist;
				LD_RUNPATH_SEARCH_PATHS = (
					"$(inherited)",
					"@executable_path/Frameworks",
				);
				PRODUCT_BUNDLE_IDENTIFIER = "com.myexample.Help-People";
				PRODUCT_NAME = "$(TARGET_NAME)";
				SWIFT_VERSION = 5.0;
				TARGETED_DEVICE_FAMILY = "1,2";
			};
			name = Debug;
		};
		E46B943D22FC664D007FE7D3 /* Release */ = {
			isa = XCBuildConfiguration;
			baseConfigurationReference = AF9B17E0ADF7335470A7402E /* Pods-Help_People.release.xcconfig */;
			buildSettings = {
				ASSETCATALOG_COMPILER_APPICON_NAME = AppIcon;
				CODE_SIGN_ENTITLEMENTS = Help_People/Help_People.entitlements;
				CODE_SIGN_STYLE = Automatic;
				DEVELOPMENT_TEAM = 6BFT567CZ2;
				INFOPLIST_FILE = Help_People/Info.plist;
				LD_RUNPATH_SEARCH_PATHS = (
					"$(inherited)",
					"@executable_path/Frameworks",
				);
				PRODUCT_BUNDLE_IDENTIFIER = "com.myexample.Help-People";
				PRODUCT_NAME = "$(TARGET_NAME)";
				SWIFT_VERSION = 5.0;
				TARGETED_DEVICE_FAMILY = "1,2";
			};
			name = Release;
		};
/* End XCBuildConfiguration section */

/* Begin XCConfigurationList section */
		E46B942422FC664B007FE7D3 /* Build configuration list for PBXProject "Help_People" */ = {
			isa = XCConfigurationList;
			buildConfigurations = (
				E46B943922FC664D007FE7D3 /* Debug */,
				E46B943A22FC664D007FE7D3 /* Release */,
			);
			defaultConfigurationIsVisible = 0;
			defaultConfigurationName = Release;
		};
		E46B943B22FC664D007FE7D3 /* Build configuration list for PBXNativeTarget "Help_People" */ = {
			isa = XCConfigurationList;
			buildConfigurations = (
				E46B943C22FC664D007FE7D3 /* Debug */,
				E46B943D22FC664D007FE7D3 /* Release */,
			);
			defaultConfigurationIsVisible = 0;
			defaultConfigurationName = Release;
		};
/* End XCConfigurationList section */
	};
	rootObject = E46B942122FC664B007FE7D3 /* Project object */;
}
